
Microsoft Visual Studio Solution File, Format Version 12.00
# Visual Studio Version 16
VisualStudioVersion = 25.0.1704.2
MinimumVisualStudioVersion = 10.0.40219.1
Project("{FAE04EC0-301F-11D3-BF4B-00C04F79EFBC}") = "Hello-World", "Hello-World\Hello-World.csproj", "{BC4C71C0-5F72-4146-A5AB-AE7EDEFF0BFB}"
EndProject
Project("{FAE04EC0-301F-11D3-BF4B-00C04F79EFBC}") = "Criando-Variaveis", "Criando-Variaveis\Criando-Variaveis.csproj", "{025630D0-87D4-45AF-A5B9-C43FE184F058}"
EndProject
Project("{FAE04EC0-301F-11D3-BF4B-00C04F79EFBC}") = "Criando-Variaveis-Ponto-Flutuante", "Criando-Variaveis-Ponto-Flutuante\Criando-Variaveis-Ponto-Flutuante.csproj", "{9286ABB5-C550-42F4-96AC-86DA30181040}"
EndProject
Project("{FAE04EC0-301F-11D3-BF4B-00C04F79EFBC}") = "Convencoes-E-Outros-Tipos", "Convencoes-E-Outros-Tipos\Convencoes-E-Outros-Tipos.csproj", "{155A01C2-2B84-4E03-AA3B-32BF1A693091}"
EndProject
Project("{FAE04EC0-301F-11D3-BF4B-00C04F79EFBC}") = "Caracteres-Texto", "Caracteres-Texto\Caracteres-Texto.csproj", "{A6B7DE5E-688F-4E20-B646-93D5DFD63C15}"
EndProject
Project("{FAE04EC0-301F-11D3-BF4B-00C04F79EFBC}") = "Atribuicoes-de-variaveis", "Atribuicoes-de-variaveis\Atribuicoes-de-variaveis.csproj", "{53D57A40-D197-4303-8899-DFDD4A8FFAFC}"
EndProject
Project("{FAE04EC0-301F-11D3-BF4B-00C04F79EFBC}") = "Condicionais", "Condicionais\Condicionais.csproj", "{7F67FEA9-E674-4AA3-B422-2CEAD48DDA31}"
EndProject
Project("{FAE04EC0-301F-11D3-BF4B-00C04F79EFBC}") = "Condicionais-2", "Condicionais-2\Condicionais-2.csproj", "{2B06DD02-EC1B-4B9F-AC77-B5A96AB40778}"
EndProject
Project("{FAE04EC0-301F-11D3-BF4B-00C04F79EFBC}") = "Escopo", "Escopo\Escopo.csproj", "{F3FD472F-ACAE-4775-A623-A2E15DBF6E64}"
EndProject
Project("{FAE04EC0-301F-11D3-BF4B-00C04F79EFBC}") = "Calcula-Poupanca", "Calcula-Poupanca\Calcula-Poupanca.csproj", "{C6CFA3FB-09B5-4975-8D9C-6F774107638C}"
EndProject
Project("{FAE04EC0-301F-11D3-BF4B-00C04F79EFBC}") = "Calcula-Poupanca-2", "Calcula-Poupanca-2\Calcula-Poupanca-2.csproj", "{409A4760-EC70-4267-986D-F77B61A3DC39}"
EndProject
Project("{FAE04EC0-301F-11D3-BF4B-00C04F79EFBC}") = "Investimento-A-Longo-Prazo", "Investimento-A-Longo-Prazo\Investimento-A-Longo-Prazo.csproj", "{1E9D4697-039D-4F4D-9C43-FD4FB4C88C66}"
EndProject
Project("{FAE04EC0-301F-11D3-BF4B-00C04F79EFBC}") = "Encadeando-For", "Encadeando-For\Encadeando-For.csproj", "{6D3E53CC-749C-4B4F-BB21-0C466ECD16B2}"
EndProject
Project("{FAE04EC0-301F-11D3-BF4B-00C04F79EFBC}") = "Fatorial", "Fatorial\Fatorial.csproj", "{8124A8FA-3CD2-403F-A1C6-2088B8695915}"
EndProject
Global
	GlobalSection(SolutionConfigurationPlatforms) = preSolution
		Debug|Any CPU = Debug|Any CPU
		Release|Any CPU = Release|Any CPU
	EndGlobalSection
	GlobalSection(ProjectConfigurationPlatforms) = postSolution
		{BC4C71C0-5F72-4146-A5AB-AE7EDEFF0BFB}.Debug|Any CPU.ActiveCfg = Debug|Any CPU
		{BC4C71C0-5F72-4146-A5AB-AE7EDEFF0BFB}.Debug|Any CPU.Build.0 = Debug|Any CPU
		{BC4C71C0-5F72-4146-A5AB-AE7EDEFF0BFB}.Release|Any CPU.ActiveCfg = Release|Any CPU
		{BC4C71C0-5F72-4146-A5AB-AE7EDEFF0BFB}.Release|Any CPU.Build.0 = Release|Any CPU
		{025630D0-87D4-45AF-A5B9-C43FE184F058}.Debug|Any CPU.ActiveCfg = Debug|Any CPU
		{025630D0-87D4-45AF-A5B9-C43FE184F058}.Debug|Any CPU.Build.0 = Debug|Any CPU
		{025630D0-87D4-45AF-A5B9-C43FE184F058}.Release|Any CPU.ActiveCfg = Release|Any CPU
		{025630D0-87D4-45AF-A5B9-C43FE184F058}.Release|Any CPU.Build.0 = Release|Any CPU
		{9286ABB5-C550-42F4-96AC-86DA30181040}.Debug|Any CPU.ActiveCfg = Debug|Any CPU
		{9286ABB5-C550-42F4-96AC-86DA30181040}.Debug|Any CPU.Build.0 = Debug|Any CPU
		{9286ABB5-C550-42F4-96AC-86DA30181040}.Release|Any CPU.ActiveCfg = Release|Any CPU
		{9286ABB5-C550-42F4-96AC-86DA30181040}.Release|Any CPU.Build.0 = Release|Any CPU
		{155A01C2-2B84-4E03-AA3B-32BF1A693091}.Debug|Any CPU.ActiveCfg = Debug|Any CPU
		{155A01C2-2B84-4E03-AA3B-32BF1A693091}.Debug|Any CPU.Build.0 = Debug|Any CPU
		{155A01C2-2B84-4E03-AA3B-32BF1A693091}.Release|Any CPU.ActiveCfg = Release|Any CPU
		{155A01C2-2B84-4E03-AA3B-32BF1A693091}.Release|Any CPU.Build.0 = Release|Any CPU
		{A6B7DE5E-688F-4E20-B646-93D5DFD63C15}.Debug|Any CPU.ActiveCfg = Debug|Any CPU
		{A6B7DE5E-688F-4E20-B646-93D5DFD63C15}.Debug|Any CPU.Build.0 = Debug|Any CPU
		{A6B7DE5E-688F-4E20-B646-93D5DFD63C15}.Release|Any CPU.ActiveCfg = Release|Any CPU
		{A6B7DE5E-688F-4E20-B646-93D5DFD63C15}.Release|Any CPU.Build.0 = Release|Any CPU
		{53D57A40-D197-4303-8899-DFDD4A8FFAFC}.Debug|Any CPU.ActiveCfg = Debug|Any CPU
		{53D57A40-D197-4303-8899-DFDD4A8FFAFC}.Debug|Any CPU.Build.0 = Debug|Any CPU
		{53D57A40-D197-4303-8899-DFDD4A8FFAFC}.Release|Any CPU.ActiveCfg = Release|Any CPU
		{53D57A40-D197-4303-8899-DFDD4A8FFAFC}.Release|Any CPU.Build.0 = Release|Any CPU
		{7F67FEA9-E674-4AA3-B422-2CEAD48DDA31}.Debug|Any CPU.ActiveCfg = Debug|Any CPU
		{7F67FEA9-E674-4AA3-B422-2CEAD48DDA31}.Debug|Any CPU.Build.0 = Debug|Any CPU
		{7F67FEA9-E674-4AA3-B422-2CEAD48DDA31}.Release|Any CPU.ActiveCfg = Release|Any CPU
		{7F67FEA9-E674-4AA3-B422-2CEAD48DDA31}.Release|Any CPU.Build.0 = Release|Any CPU
		{2B06DD02-EC1B-4B9F-AC77-B5A96AB40778}.Debug|Any CPU.ActiveCfg = Debug|Any CPU
		{2B06DD02-EC1B-4B9F-AC77-B5A96AB40778}.Debug|Any CPU.Build.0 = Debug|Any CPU
		{2B06DD02-EC1B-4B9F-AC77-B5A96AB40778}.Release|Any CPU.ActiveCfg = Release|Any CPU
		{2B06DD02-EC1B-4B9F-AC77-B5A96AB40778}.Release|Any CPU.Build.0 = Release|Any CPU
		{F3FD472F-ACAE-4775-A623-A2E15DBF6E64}.Debug|Any CPU.ActiveCfg = Debug|Any CPU
		{F3FD472F-ACAE-4775-A623-A2E15DBF6E64}.Debug|Any CPU.Build.0 = Debug|Any CPU
		{F3FD472F-ACAE-4775-A623-A2E15DBF6E64}.Release|Any CPU.ActiveCfg = Release|Any CPU
		{F3FD472F-ACAE-4775-A623-A2E15DBF6E64}.Release|Any CPU.Build.0 = Release|Any CPU
		{C6CFA3FB-09B5-4975-8D9C-6F774107638C}.Debug|Any CPU.ActiveCfg = Debug|Any CPU
		{C6CFA3FB-09B5-4975-8D9C-6F774107638C}.Debug|Any CPU.Build.0 = Debug|Any CPU
		{C6CFA3FB-09B5-4975-8D9C-6F774107638C}.Release|Any CPU.ActiveCfg = Release|Any CPU
		{C6CFA3FB-09B5-4975-8D9C-6F774107638C}.Release|Any CPU.Build.0 = Release|Any CPU
		{409A4760-EC70-4267-986D-F77B61A3DC39}.Debug|Any CPU.ActiveCfg = Debug|Any CPU
		{409A4760-EC70-4267-986D-F77B61A3DC39}.Debug|Any CPU.Build.0 = Debug|Any CPU
		{409A4760-EC70-4267-986D-F77B61A3DC39}.Release|Any CPU.ActiveCfg = Release|Any CPU
		{409A4760-EC70-4267-986D-F77B61A3DC39}.Release|Any CPU.Build.0 = Release|Any CPU
		{1E9D4697-039D-4F4D-9C43-FD4FB4C88C66}.Debug|Any CPU.ActiveCfg = Debug|Any CPU
		{1E9D4697-039D-4F4D-9C43-FD4FB4C88C66}.Debug|Any CPU.Build.0 = Debug|Any CPU
		{1E9D4697-039D-4F4D-9C43-FD4FB4C88C66}.Release|Any CPU.ActiveCfg = Release|Any CPU
		{1E9D4697-039D-4F4D-9C43-FD4FB4C88C66}.Release|Any CPU.Build.0 = Release|Any CPU
		{6D3E53CC-749C-4B4F-BB21-0C466ECD16B2}.Debug|Any CPU.ActiveCfg = Debug|Any CPU
		{6D3E53CC-749C-4B4F-BB21-0C466ECD16B2}.Debug|Any CPU.Build.0 = Debug|Any CPU
		{6D3E53CC-749C-4B4F-BB21-0C466ECD16B2}.Release|Any CPU.ActiveCfg = Release|Any CPU
		{6D3E53CC-749C-4B4F-BB21-0C466ECD16B2}.Release|Any CPU.Build.0 = Release|Any CPU
		{8124A8FA-3CD2-403F-A1C6-2088B8695915}.Debug|Any CPU.ActiveCfg = Debug|Any CPU
		{8124A8FA-3CD2-403F-A1C6-2088B8695915}.Debug|Any CPU.Build.0 = Debug|Any CPU
		{8124A8FA-3CD2-403F-A1C6-2088B8695915}.Release|Any CPU.ActiveCfg = Release|Any CPU
		{8124A8FA-3CD2-403F-A1C6-2088B8695915}.Release|Any CPU.Build.0 = Release|Any CPU
	EndGlobalSection
	GlobalSection(SolutionProperties) = preSolution
		HideSolutionNode = FALSE
	EndGlobalSection
	GlobalSection(ExtensibilityGlobals) = postSolution
		SolutionGuid = {25FECF68-7595-4237-B2B5-B2705C4ADCB4}
	EndGlobalSection
EndGlobal
